
Microsoft Visual Studio Solution File, Format Version 12.00
# Visual Studio Version 17
VisualStudioVersion = 17.4.33403.182
MinimumVisualStudioVersion = 10.0.40219.1
Project("{FAE04EC0-301F-11D3-BF4B-00C04F79EFBC}") = "ConsoleApp", "APPPP\ConsoleApp.csproj", "{130086CC-3C19-4F6D-8333-AA3C16562CE0}"
EndProject
Project("{FAE04EC0-301F-11D3-BF4B-00C04F79EFBC}") = "ConsoleApp.Core", "ConsoleApp.Core\ConsoleApp.Core.csproj", "{D3EE9D66-D053-45FD-87C8-8787CE78A8F9}"
EndProject
Project("{FAE04EC0-301F-11D3-BF4B-00C04F79EFBC}") = "ConsoleApp.Data", "ConsoleApp.Data\ConsoleApp.Data.csproj", "{B7E35AA9-FFCC-494E-9A39-97CFC2F10249}"
EndProject
Project("{FAE04EC0-301F-11D3-BF4B-00C04F79EFBC}") = "ConsoleApp.Service", "ConsoleApp.Service\ConsoleApp.Service.csproj", "{1D82023D-D925-46E3-8477-775C28339FE1}"
EndProject
Global
	GlobalSection(SolutionConfigurationPlatforms) = preSolution
		Debug|Any CPU = Debug|Any CPU
		Release|Any CPU = Release|Any CPU
	EndGlobalSection
	GlobalSection(ProjectConfigurationPlatforms) = postSolution
		{130086CC-3C19-4F6D-8333-AA3C16562CE0}.Debug|Any CPU.ActiveCfg = Debug|Any CPU
		{130086CC-3C19-4F6D-8333-AA3C16562CE0}.Debug|Any CPU.Build.0 = Debug|Any CPU
		{130086CC-3C19-4F6D-8333-AA3C16562CE0}.Release|Any CPU.ActiveCfg = Release|Any CPU
		{130086CC-3C19-4F6D-8333-AA3C16562CE0}.Release|Any CPU.Build.0 = Release|Any CPU
		{D3EE9D66-D053-45FD-87C8-8787CE78A8F9}.Debug|Any CPU.ActiveCfg = Debug|Any CPU
		{D3EE9D66-D053-45FD-87C8-8787CE78A8F9}.Debug|Any CPU.Build.0 = Debug|Any CPU
		{D3EE9D66-D053-45FD-87C8-8787CE78A8F9}.Release|Any CPU.ActiveCfg = Release|Any CPU
		{D3EE9D66-D053-45FD-87C8-8787CE78A8F9}.Release|Any CPU.Build.0 = Release|Any CPU
		{B7E35AA9-FFCC-494E-9A39-97CFC2F10249}.Debug|Any CPU.ActiveCfg = Debug|Any CPU
		{B7E35AA9-FFCC-494E-9A39-97CFC2F10249}.Debug|Any CPU.Build.0 = Debug|Any CPU
		{B7E35AA9-FFCC-494E-9A39-97CFC2F10249}.Release|Any CPU.ActiveCfg = Release|Any CPU
		{B7E35AA9-FFCC-494E-9A39-97CFC2F10249}.Release|Any CPU.Build.0 = Release|Any CPU
		{1D82023D-D925-46E3-8477-775C28339FE1}.Debug|Any CPU.ActiveCfg = Debug|Any CPU
		{1D82023D-D925-46E3-8477-775C28339FE1}.Debug|Any CPU.Build.0 = Debug|Any CPU
		{1D82023D-D925-46E3-8477-775C28339FE1}.Release|Any CPU.ActiveCfg = Release|Any CPU
		{1D82023D-D925-46E3-8477-775C28339FE1}.Release|Any CPU.Build.0 = Release|Any CPU
	EndGlobalSection
	GlobalSection(SolutionProperties) = preSolution
		HideSolutionNode = FALSE
	EndGlobalSection
	GlobalSection(ExtensibilityGlobals) = postSolution
		SolutionGuid = {63BD9566-AA67-4734-AA77-4BC8ECFB522E}
	EndGlobalSection
EndGlobal
